// !$*UTF8*$!
{
	archiveVersion = 1;
	classes = {
	};
	objectVersion = 56;
	objects = {

/* Begin PBXBuildFile section */
		04890C89293E4A9D00878F61 /* @main.swift in Sources */ = {isa = PBXBuildFile; fileRef = 04890C88293E4A9D00878F61 /* @main.swift */; };
		04890C8B293E4A9D00878F61 /* ViewModifer.swift in Sources */ = {isa = PBXBuildFile; fileRef = 04890C8A293E4A9D00878F61 /* ViewModifer.swift */; };
		04890C8D293E4AA000878F61 /* Assets.xcassets in Resources */ = {isa = PBXBuildFile; fileRef = 04890C8C293E4AA000878F61 /* Assets.xcassets */; };
		04890C90293E4AA000878F61 /* Preview Assets.xcassets in Resources */ = {isa = PBXBuildFile; fileRef = 04890C8F293E4AA000878F61 /* Preview Assets.xcassets */; };
		04890C97293FD22800878F61 /* Models.swift in Sources */ = {isa = PBXBuildFile; fileRef = 04890C96293FD22800878F61 /* Models.swift */; };
		04890C992941087C00878F61 /* ProfileView.swift in Sources */ = {isa = PBXBuildFile; fileRef = 04890C982941087C00878F61 /* ProfileView.swift */; };
		04890C9D29423F7B00878F61 /* CircleView.swift in Sources */ = {isa = PBXBuildFile; fileRef = 04890C9C29423F7B00878F61 /* CircleView.swift */; };
		04890C9F294A4A0100878F61 /* SnapToItemScrollView.swift in Sources */ = {isa = PBXBuildFile; fileRef = 04890C9E294A4A0100878F61 /* SnapToItemScrollView.swift */; };
		04A9F4C02992B0A1009FE051 /* SwiftUIView.swift in Sources */ = {isa = PBXBuildFile; fileRef = 04A9F4BF2992B0A1009FE051 /* SwiftUIView.swift */; };
		04AACF2A298F5DF8005EF8D1 /* Funcs, Mods, Exts.swift in Sources */ = {isa = PBXBuildFile; fileRef = 04AACF29298F5DF8005EF8D1 /* Funcs, Mods, Exts.swift */; };
		04C6811D29805F8200373FED /* CarouselView.swift in Sources */ = {isa = PBXBuildFile; fileRef = 04C6811C29805F8200373FED /* CarouselView.swift */; };
/* End PBXBuildFile section */

/* Begin PBXFileReference section */
		040E46EA29B9076F0013CBE4 /* ProfileAnimation-TestApp.app */ = {isa = PBXFileReference; explicitFileType = wrapper.application; includeInIndex = 0; name = "ProfileAnimation-TestApp.app"; path = "/Users/ridgewilliams/Desktop/Developer/ProfileAnimation-TestApp/build/Debug-iphoneos/ProfileAnimation-TestApp.app"; sourceTree = "<absolute>"; };
		04890C88293E4A9D00878F61 /* @main.swift */ = {isa = PBXFileReference; lastKnownFileType = sourcecode.swift; path = "@main.swift"; sourceTree = "<group>"; };
		04890C8A293E4A9D00878F61 /* ViewModifer.swift */ = {isa = PBXFileReference; lastKnownFileType = sourcecode.swift; path = ViewModifer.swift; sourceTree = "<group>"; };
		04890C8C293E4AA000878F61 /* Assets.xcassets */ = {isa = PBXFileReference; lastKnownFileType = folder.assetcatalog; path = Assets.xcassets; sourceTree = "<group>"; };
		04890C8F293E4AA000878F61 /* Preview Assets.xcassets */ = {isa = PBXFileReference; lastKnownFileType = folder.assetcatalog; path = "Preview Assets.xcassets"; sourceTree = "<group>"; };
		04890C96293FD22800878F61 /* Models.swift */ = {isa = PBXFileReference; lastKnownFileType = sourcecode.swift; path = Models.swift; sourceTree = "<group>"; };
		04890C982941087C00878F61 /* ProfileView.swift */ = {isa = PBXFileReference; lastKnownFileType = sourcecode.swift; path = ProfileView.swift; sourceTree = "<group>"; };
		04890C9C29423F7B00878F61 /* CircleView.swift */ = {isa = PBXFileReference; lastKnownFileType = sourcecode.swift; path = CircleView.swift; sourceTree = "<group>"; };
		04890C9E294A4A0100878F61 /* SnapToItemScrollView.swift */ = {isa = PBXFileReference; lastKnownFileType = sourcecode.swift; path = SnapToItemScrollView.swift; sourceTree = "<group>"; };
		04A9F4BF2992B0A1009FE051 /* SwiftUIView.swift */ = {isa = PBXFileReference; lastKnownFileType = sourcecode.swift; path = SwiftUIView.swift; sourceTree = "<group>"; };
		04AACF29298F5DF8005EF8D1 /* Funcs, Mods, Exts.swift */ = {isa = PBXFileReference; lastKnownFileType = sourcecode.swift; path = "Funcs, Mods, Exts.swift"; sourceTree = "<group>"; };
		04C6811C29805F8200373FED /* CarouselView.swift */ = {isa = PBXFileReference; lastKnownFileType = sourcecode.swift; path = CarouselView.swift; sourceTree = "<group>"; };
/* End PBXFileReference section */

/* Begin PBXFrameworksBuildPhase section */
		04890C82293E4A9D00878F61 /* Frameworks */ = {
			isa = PBXFrameworksBuildPhase;
			buildActionMask = 2147483647;
			files = (
			);
			runOnlyForDeploymentPostprocessing = 0;
		};
/* End PBXFrameworksBuildPhase section */

/* Begin PBXGroup section */
		04890C7C293E4A9D00878F61 = {
			isa = PBXGroup;
			children = (
				04890C87293E4A9D00878F61 /* ProfileAnimation-TestApp */,
			);
			sourceTree = "<group>";
		};
		04890C87293E4A9D00878F61 /* ProfileAnimation-TestApp */ = {
			isa = PBXGroup;
			children = (
				04A9F4BF2992B0A1009FE051 /* SwiftUIView.swift */,
				04890C88293E4A9D00878F61 /* @main.swift */,
				04890C8A293E4A9D00878F61 /* ViewModifer.swift */,
				04890C9C29423F7B00878F61 /* CircleView.swift */,
				04C6811C29805F8200373FED /* CarouselView.swift */,
				04890C96293FD22800878F61 /* Models.swift */,
				04AACF29298F5DF8005EF8D1 /* Funcs, Mods, Exts.swift */,
				04890C8C293E4AA000878F61 /* Assets.xcassets */,
				04890C8E293E4AA000878F61 /* Preview Content */,
			);
			path = "ProfileAnimation-TestApp";
			sourceTree = "<group>";
		};
		04890C8E293E4AA000878F61 /* Preview Content */ = {
			isa = PBXGroup;
			children = (
				04890C982941087C00878F61 /* ProfileView.swift */,
				04890C9E294A4A0100878F61 /* SnapToItemScrollView.swift */,
				04890C8F293E4AA000878F61 /* Preview Assets.xcassets */,
			);
			path = "Preview Content";
			sourceTree = "<group>";
		};
/* End PBXGroup section */

/* Begin PBXNativeTarget section */
		04890C84293E4A9D00878F61 /* ProfileAnimation-TestApp */ = {
			isa = PBXNativeTarget;
			buildConfigurationList = 04890C93293E4AA000878F61 /* Build configuration list for PBXNativeTarget "ProfileAnimation-TestApp" */;
			buildPhases = (
				04890C81293E4A9D00878F61 /* Sources */,
				04890C82293E4A9D00878F61 /* Frameworks */,
				04890C83293E4A9D00878F61 /* Resources */,
			);
			buildRules = (
			);
			dependencies = (
			);
			name = "ProfileAnimation-TestApp";
			packageProductDependencies = (
			);
			productName = "ProfileAnimation-TestApp";
			productReference = 040E46EA29B9076F0013CBE4 /* ProfileAnimation-TestApp.app */;
			productType = "com.apple.product-type.application";
		};
/* End PBXNativeTarget section */

/* Begin PBXProject section */
		04890C7D293E4A9D00878F61 /* Project object */ = {
			isa = PBXProject;
			attributes = {
				BuildIndependentTargetsInParallel = 1;
				LastSwiftUpdateCheck = 1400;
				LastUpgradeCheck = 1400;
				TargetAttributes = {
					04890C84293E4A9D00878F61 = {
						CreatedOnToolsVersion = 14.0.1;
					};
				};
			};
			buildConfigurationList = 04890C80293E4A9D00878F61 /* Build configuration list for PBXProject "ProfileAnimation-TestApp" */;
			compatibilityVersion = "Xcode 14.0";
			developmentRegion = en;
			hasScannedForEncodings = 0;
			knownRegions = (
				en,
				Base,
			);
			mainGroup = 04890C7C293E4A9D00878F61;
			packageReferences = (
			);
			productRefGroup = 04890C7C293E4A9D00878F61;
			projectDirPath = "";
			projectRoot = "";
			targets = (
				04890C84293E4A9D00878F61 /* ProfileAnimation-TestApp */,
			);
		};
/* End PBXProject section */

/* Begin PBXResourcesBuildPhase section */
		04890C83293E4A9D00878F61 /* Resources */ = {
			isa = PBXResourcesBuildPhase;
			buildActionMask = 2147483647;
			files = (
				04890C90293E4AA000878F61 /* Preview Assets.xcassets in Resources */,
				04890C8D293E4AA000878F61 /* Assets.xcassets in Resources */,
			);
			runOnlyForDeploymentPostprocessing = 0;
		};
/* End PBXResourcesBuildPhase section */

/* Begin PBXSourcesBuildPhase section */
		04890C81293E4A9D00878F61 /* Sources */ = {
			isa = PBXSourcesBuildPhase;
			buildActionMask = 2147483647;
			files = (
				04890C9D29423F7B00878F61 /* CircleView.swift in Sources */,
				04890C992941087C00878F61 /* ProfileView.swift in Sources */,
				04A9F4C02992B0A1009FE051 /* SwiftUIView.swift in Sources */,
				04890C97293FD22800878F61 /* Models.swift in Sources */,
				04890C8B293E4A9D00878F61 /* ViewModifer.swift in Sources */,
				04AACF2A298F5DF8005EF8D1 /* Funcs, Mods, Exts.swift in Sources */,
				04C6811D29805F8200373FED /* CarouselView.swift in Sources */,
				04890C9F294A4A0100878F61 /* SnapToItemScrollView.swift in Sources */,
				04890C89293E4A9D00878F61 /* @main.swift in Sources */,
			);
			runOnlyForDeploymentPostprocessing = 0;
		};
/* End PBXSourcesBuildPhase section */

/* Begin XCBuildConfiguration section */
		04890C91293E4AA000878F61 /* Debug */ = {
			isa = XCBuildConfiguration;
			buildSettings = {
				ALWAYS_SEARCH_USER_PATHS = NO;
				CLANG_ANALYZER_NONNULL = YES;
				CLANG_ANALYZER_NUMBER_OBJECT_CONVERSION = YES_AGGRESSIVE;
				CLANG_CXX_LANGUAGE_STANDARD = "gnu++20";
				CLANG_ENABLE_MODULES = YES;
				CLANG_ENABLE_OBJC_ARC = YES;
				CLANG_ENABLE_OBJC_WEAK = YES;
				CLANG_WARN_BLOCK_CAPTURE_AUTORELEASING = YES;
				CLANG_WARN_BOOL_CONVERSION = YES;
				CLANG_WARN_COMMA = YES;
				CLANG_WARN_CONSTANT_CONVERSION = YES;
				CLANG_WARN_DEPRECATED_OBJC_IMPLEMENTATIONS = YES;
				CLANG_WARN_DIRECT_OBJC_ISA_USAGE = YES_ERROR;
				CLANG_WARN_DOCUMENTATION_COMMENTS = YES;
				CLANG_WARN_EMPTY_BODY = YES;
				CLANG_WARN_ENUM_CONVERSION = YES;
				CLANG_WARN_INFINITE_RECURSION = YES;
				CLANG_WARN_INT_CONVERSION = YES;
				CLANG_WARN_NON_LITERAL_NULL_CONVERSION = YES;
				CLANG_WARN_OBJC_IMPLICIT_RETAIN_SELF = YES;
				CLANG_WARN_OBJC_LITERAL_CONVERSION = YES;
				CLANG_WARN_OBJC_ROOT_CLASS = YES_ERROR;
				CLANG_WARN_QUOTED_INCLUDE_IN_FRAMEWORK_HEADER = YES;
				CLANG_WARN_RANGE_LOOP_ANALYSIS = YES;
				CLANG_WARN_STRICT_PROTOTYPES = YES;
				CLANG_WARN_SUSPICIOUS_MOVE = YES;
				CLANG_WARN_UNGUARDED_AVAILABILITY = YES_AGGRESSIVE;
				CLANG_WARN_UNREACHABLE_CODE = YES;
				CLANG_WARN__DUPLICATE_METHOD_MATCH = YES;
				COPY_PHASE_STRIP = NO;
				DEBUG_INFORMATION_FORMAT = dwarf;
				ENABLE_STRICT_OBJC_MSGSEND = YES;
				ENABLE_TESTABILITY = YES;
				GCC_C_LANGUAGE_STANDARD = gnu11;
				GCC_DYNAMIC_NO_PIC = NO;
				GCC_NO_COMMON_BLOCKS = YES;
				GCC_OPTIMIZATION_LEVEL = 0;
				GCC_PREPROCESSOR_DEFINITIONS = (
					"DEBUG=1",
					"$(inherited)",
				);
				GCC_WARN_64_TO_32_BIT_CONVERSION = YES;
				GCC_WARN_ABOUT_RETURN_TYPE = YES_ERROR;
				GCC_WARN_UNDECLARED_SELECTOR = YES;
				GCC_WARN_UNINITIALIZED_AUTOS = YES_AGGRESSIVE;
				GCC_WARN_UNUSED_FUNCTION = YES;
				GCC_WARN_UNUSED_VARIABLE = YES;
				IPHONEOS_DEPLOYMENT_TARGET = 16.0;
				MTL_ENABLE_DEBUG_INFO = INCLUDE_SOURCE;
				MTL_FAST_MATH = YES;
				ONLY_ACTIVE_ARCH = YES;
				SDKROOT = iphoneos;
				SWIFT_ACTIVE_COMPILATION_CONDITIONS = DEBUG;
				SWIFT_OPTIMIZATION_LEVEL = "-Onone";
			};
			name = Debug;
		};
		04890C92293E4AA000878F61 /* Release */ = {
			isa = XCBuildConfiguration;
			buildSettings = {
				ALWAYS_SEARCH_USER_PATHS = NO;
				CLANG_ANALYZER_NONNULL = YES;
				CLANG_ANALYZER_NUMBER_OBJECT_CONVERSION = YES_AGGRESSIVE;
				CLANG_CXX_LANGUAGE_STANDARD = "gnu++20";
				CLANG_ENABLE_MODULES = YES;
				CLANG_ENABLE_OBJC_ARC = YES;
				CLANG_ENABLE_OBJC_WEAK = YES;
				CLANG_WARN_BLOCK_CAPTURE_AUTORELEASING = YES;
				CLANG_WARN_BOOL_CONVERSION = YES;
				CLANG_WARN_COMMA = YES;
				CLANG_WARN_CONSTANT_CONVERSION = YES;
				CLANG_WARN_DEPRECATED_OBJC_IMPLEMENTATIONS = YES;
				CLANG_WARN_DIRECT_OBJC_ISA_USAGE = YES_ERROR;
				CLANG_WARN_DOCUMENTATION_COMMENTS = YES;
				CLANG_WARN_EMPTY_BODY = YES;
				CLANG_WARN_ENUM_CONVERSION = YES;
				CLANG_WARN_INFINITE_RECURSION = YES;
				CLANG_WARN_INT_CONVERSION = YES;
				CLANG_WARN_NON_LITERAL_NULL_CONVERSION = YES;
				CLANG_WARN_OBJC_IMPLICIT_RETAIN_SELF = YES;
				CLANG_WARN_OBJC_LITERAL_CONVERSION = YES;
				CLANG_WARN_OBJC_ROOT_CLASS = YES_ERROR;
				CLANG_WARN_QUOTED_INCLUDE_IN_FRAMEWORK_HEADER = YES;
				CLANG_WARN_RANGE_LOOP_ANALYSIS = YES;
				CLANG_WARN_STRICT_PROTOTYPES = YES;
				CLANG_WARN_SUSPICIOUS_MOVE = YES;
				CLANG_WARN_UNGUARDED_AVAILABILITY = YES_AGGRESSIVE;
				CLANG_WARN_UNREACHABLE_CODE = YES;
				CLANG_WARN__DUPLICATE_METHOD_MATCH = YES;
				COPY_PHASE_STRIP = NO;
				DEBUG_INFORMATION_FORMAT = "dwarf-with-dsym";
				ENABLE_NS_ASSERTIONS = NO;
				ENABLE_STRICT_OBJC_MSGSEND = YES;
				GCC_C_LANGUAGE_STANDARD = gnu11;
				GCC_NO_COMMON_BLOCKS = YES;
				GCC_WARN_64_TO_32_BIT_CONVERSION = YES;
				GCC_WARN_ABOUT_RETURN_TYPE = YES_ERROR;
				GCC_WARN_UNDECLARED_SELECTOR = YES;
				GCC_WARN_UNINITIALIZED_AUTOS = YES_AGGRESSIVE;
				GCC_WARN_UNUSED_FUNCTION = YES;
				GCC_WARN_UNUSED_VARIABLE = YES;
				IPHONEOS_DEPLOYMENT_TARGET = 16.0;
				MTL_ENABLE_DEBUG_INFO = NO;
				MTL_FAST_MATH = YES;
				SDKROOT = iphoneos;
				SWIFT_COMPILATION_MODE = wholemodule;
				SWIFT_OPTIMIZATION_LEVEL = "-O";
				VALIDATE_PRODUCT = YES;
			};
			name = Release;
		};
		04890C94293E4AA000878F61 /* Debug */ = {
			isa = XCBuildConfiguration;
			buildSettings = {
				ASSETCATALOG_COMPILER_APPICON_NAME = AppIcon;
				ASSETCATALOG_COMPILER_GLOBAL_ACCENT_COLOR_NAME = AccentColor;
				CODE_SIGN_STYLE = Automatic;
				CURRENT_PROJECT_VERSION = 1;
				DEVELOPMENT_ASSET_PATHS = "\"ProfileAnimation-TestApp/Preview Content\"";
				DEVELOPMENT_TEAM = 468KB5YH8X;
				ENABLE_PREVIEWS = YES;
				GENERATE_INFOPLIST_FILE = YES;
				INFOPLIST_KEY_UIApplicationSceneManifest_Generation = YES;
				INFOPLIST_KEY_UIApplicationSupportsIndirectInputEvents = YES;
				INFOPLIST_KEY_UILaunchScreen_Generation = YES;
				INFOPLIST_KEY_UISupportedInterfaceOrientations_iPad = "UIInterfaceOrientationPortrait UIInterfaceOrientationPortraitUpsideDown UIInterfaceOrientationLandscapeLeft UIInterfaceOrientationLandscapeRight";
				INFOPLIST_KEY_UISupportedInterfaceOrientations_iPhone = "UIInterfaceOrientationPortrait UIInterfaceOrientationLandscapeLeft UIInterfaceOrientationLandscapeRight";
				LD_RUNPATH_SEARCH_PATHS = (
					"$(inherited)",
					"@executable_path/Frameworks",
				);
				MARKETING_VERSION = 1.0;
				PRODUCT_BUNDLE_IDENTIFIER = "ridger.ProfileAnimation-TestApp";
				PRODUCT_NAME = "$(TARGET_NAME)";
				SWIFT_EMIT_LOC_STRINGS = YES;
				SWIFT_VERSION = 5.0;
				TARGETED_DEVICE_FAMILY = "1,2";
			};
			name = Debug;
		};
		04890C95293E4AA000878F61 /* Release */ = {
			isa = XCBuildConfiguration;
			buildSettings = {
				ASSETCATALOG_COMPILER_APPICON_NAME = AppIcon;
				ASSETCATALOG_COMPILER_GLOBAL_ACCENT_COLOR_NAME = AccentColor;
				CODE_SIGN_STYLE = Automatic;
				CURRENT_PROJECT_VERSION = 1;
				DEVELOPMENT_ASSET_PATHS = "\"ProfileAnimation-TestApp/Preview Content\"";
				DEVELOPMENT_TEAM = 468KB5YH8X;
				ENABLE_PREVIEWS = YES;
				GENERATE_INFOPLIST_FILE = YES;
				INFOPLIST_KEY_UIApplicationSceneManifest_Generation = YES;
				INFOPLIST_KEY_UIApplicationSupportsIndirectInputEvents = YES;
				INFOPLIST_KEY_UILaunchScreen_Generation = YES;
				INFOPLIST_KEY_UISupportedInterfaceOrientations_iPad = "UIInterfaceOrientationPortrait UIInterfaceOrientationPortraitUpsideDown UIInterfaceOrientationLandscapeLeft UIInterfaceOrientationLandscapeRight";
				INFOPLIST_KEY_UISupportedInterfaceOrientations_iPhone = "UIInterfaceOrientationPortrait UIInterfaceOrientationLandscapeLeft UIInterfaceOrientationLandscapeRight";
				LD_RUNPATH_SEARCH_PATHS = (
					"$(inherited)",
					"@executable_path/Frameworks",
				);
				MARKETING_VERSION = 1.0;
				PRODUCT_BUNDLE_IDENTIFIER = "ridger.ProfileAnimation-TestApp";
				PRODUCT_NAME = "$(TARGET_NAME)";
				SWIFT_EMIT_LOC_STRINGS = YES;
				SWIFT_VERSION = 5.0;
				TARGETED_DEVICE_FAMILY = "1,2";
			};
			name = Release;
		};
/* End XCBuildConfiguration section */

/* Begin XCConfigurationList section */
		04890C80293E4A9D00878F61 /* Build configuration list for PBXProject "ProfileAnimation-TestApp" */ = {
			isa = XCConfigurationList;
			buildConfigurations = (
				04890C91293E4AA000878F61 /* Debug */,
				04890C92293E4AA000878F61 /* Release */,
			);
			defaultConfigurationIsVisible = 0;
			defaultConfigurationName = Release;
		};
		04890C93293E4AA000878F61 /* Build configuration list for PBXNativeTarget "ProfileAnimation-TestApp" */ = {
			isa = XCConfigurationList;
			buildConfigurations = (
				04890C94293E4AA000878F61 /* Debug */,
				04890C95293E4AA000878F61 /* Release */,
			);
			defaultConfigurationIsVisible = 0;
			defaultConfigurationName = Release;
		};
/* End XCConfigurationList section */
	};
	rootObject = 04890C7D293E4A9D00878F61 /* Project object */;
}
